{
  "name": "eniato",
  "lockfileVersion": 3,
  "requires": true,
  "packages": {
    "": {
      "dependencies": {
        "vue-float-action-button": "^0.7.9",
        "vue-material-design-icons": "^5.1.2"
      }
    },
    "node_modules/vue-float-action-button": {
      "version": "0.7.9",
      "resolved": "https://registry.npmjs.org/vue-float-action-button/-/vue-float-action-button-0.7.9.tgz",
      "integrity": "sha512-f5EmvV6nfUV5bMXFT/3SHG8SaJMf82VW+4zScYpRy7OnqAhZto1XH13qAJsQrGrZ2y0eufeYn66bwozFc0FfJg=="
    },
    "node_modules/vue-material-design-icons": {
      "version": "5.1.2",
      "resolved": "https://registry.npmjs.org/vue-material-design-icons/-/vue-material-design-icons-5.1.2.tgz",
      "integrity": "sha512-nD1qFM2qAkMlVoe23EfNKIeMfYl6YjHZjSty9q0mwc2gXmPmvEhixywJQhM+VF5KVBI1zAkVTNLoUEERPY10pA=="
    }
  }
}
